
Microsoft Visual Studio Solution File, Format Version 12.00
# Visual Studio Version 17
VisualStudioVersion = 17.10.35013.160
MinimumVisualStudioVersion = 10.0.40219.1
Project("{2150E333-8FDC-42A3-9474-1A3956D46DE8}") = "examples", "examples", "{660020EC-3D44-4CB2-B053-4F4E51467064}"
EndProject
Project("{2150E333-8FDC-42A3-9474-1A3956D46DE8}") = "examples.cpp", "examples.cpp", "{4CF5E3CD-DF43-4ACF-AEF2-A9EA2A1036D6}"
EndProject
Project("{2150E333-8FDC-42A3-9474-1A3956D46DE8}") = "examples.cs", "examples.cs", "{DAA765D8-5272-4AE2-B001-4D66CB0E1549}"
EndProject
Project("{8BC9CEB8-8B4A-11D0-8D11-00A0C91BC942}") = "failureobj", "examples\examples.cpp\examples.cpp.failureobj\failureobj.vcxproj", "{10C3837A-70CD-439A-8B40-387235512661}"
	ProjectSection(ProjectDependencies) = postProject
		{08B353F2-2796-437E-B196-CCBADE5D8EE7} = {08B353F2-2796-437E-B196-CCBADE5D8EE7}
		{77EC4B32-74E6-44F4-8323-060DA7A506F1} = {77EC4B32-74E6-44F4-8323-060DA7A506F1}
	EndProjectSection
EndProject
Project("{8BC9CEB8-8B4A-11D0-8D11-00A0C91BC942}") = "multiobj", "examples\examples.cpp\examples.cpp.multiobj\multiobj.vcxproj", "{78B64E75-4C74-4E62-A235-F6FE7B110D1B}"
	ProjectSection(ProjectDependencies) = postProject
		{08B353F2-2796-437E-B196-CCBADE5D8EE7} = {08B353F2-2796-437E-B196-CCBADE5D8EE7}
		{77EC4B32-74E6-44F4-8323-060DA7A506F1} = {77EC4B32-74E6-44F4-8323-060DA7A506F1}
	EndProjectSection
EndProject
Project("{8BC9CEB8-8B4A-11D0-8D11-00A0C91BC942}") = "singleobj", "examples\examples.cpp\examples.cpp.singleobj\singleobj.vcxproj", "{C41826A6-E399-48C8-9897-0E6583AFD67A}"
	ProjectSection(ProjectDependencies) = postProject
		{08B353F2-2796-437E-B196-CCBADE5D8EE7} = {08B353F2-2796-437E-B196-CCBADE5D8EE7}
		{77EC4B32-74E6-44F4-8323-060DA7A506F1} = {77EC4B32-74E6-44F4-8323-060DA7A506F1}
	EndProjectSection
EndProject
Project("{9A19103F-16F7-4668-BE54-9A1E7A4F7556}") = "failureobj", "examples\examples.cs\examples.cs.failureobj\failureobj.csproj", "{B09DDFFA-25DA-415F-AEA7-5D46A2D7191A}"
	ProjectSection(ProjectDependencies) = postProject
		{08B353F2-2796-437E-B196-CCBADE5D8EE7} = {08B353F2-2796-437E-B196-CCBADE5D8EE7}
		{77EC4B32-74E6-44F4-8323-060DA7A506F1} = {77EC4B32-74E6-44F4-8323-060DA7A506F1}
	EndProjectSection
EndProject
Project("{9A19103F-16F7-4668-BE54-9A1E7A4F7556}") = "multiobj", "examples\examples.cs\examples.cs.multiobj\multiobj.csproj", "{0FA5E801-17E4-4F28-B948-9A079813B129}"
	ProjectSection(ProjectDependencies) = postProject
		{08B353F2-2796-437E-B196-CCBADE5D8EE7} = {08B353F2-2796-437E-B196-CCBADE5D8EE7}
		{77EC4B32-74E6-44F4-8323-060DA7A506F1} = {77EC4B32-74E6-44F4-8323-060DA7A506F1}
	EndProjectSection
EndProject
Project("{9A19103F-16F7-4668-BE54-9A1E7A4F7556}") = "singleobj", "examples\examples.cs\examples.cs.singleobj\singleobj.csproj", "{56D3F722-4978-47DD-A075-5B16903A00F3}"
	ProjectSection(ProjectDependencies) = postProject
		{08B353F2-2796-437E-B196-CCBADE5D8EE7} = {08B353F2-2796-437E-B196-CCBADE5D8EE7}
		{77EC4B32-74E6-44F4-8323-060DA7A506F1} = {77EC4B32-74E6-44F4-8323-060DA7A506F1}
	EndProjectSection
EndProject
Project("{8BC9CEB8-8B4A-11D0-8D11-00A0C91BC942}") = "nomad.lib.cpp", "src\nomad.lib.cpp\nomad.lib.cpp.vcxproj", "{08B353F2-2796-437E-B196-CCBADE5D8EE7}"
EndProject
Project("{9A19103F-16F7-4668-BE54-9A1E7A4F7556}") = "nomad.lib.cs", "src\nomad.lib.cs\nomad.lib.cs.csproj", "{77EC4B32-74E6-44F4-8323-060DA7A506F1}"
	ProjectSection(ProjectDependencies) = postProject
		{08B353F2-2796-437E-B196-CCBADE5D8EE7} = {08B353F2-2796-437E-B196-CCBADE5D8EE7}
	EndProjectSection
EndProject
Global
	GlobalSection(SolutionConfigurationPlatforms) = preSolution
		Debug|Any CPU = Debug|Any CPU
		Debug|Win32 = Debug|Win32
		Debug|x64 = Debug|x64
		Debug|x86 = Debug|x86
		Release|Any CPU = Release|Any CPU
		Release|Win32 = Release|Win32
		Release|x64 = Release|x64
		Release|x86 = Release|x86
	EndGlobalSection
	GlobalSection(ProjectConfigurationPlatforms) = postSolution
		{10C3837A-70CD-439A-8B40-387235512661}.Debug|Any CPU.ActiveCfg = Debug|x64
		{10C3837A-70CD-439A-8B40-387235512661}.Debug|Any CPU.Build.0 = Debug|x64
		{10C3837A-70CD-439A-8B40-387235512661}.Debug|Win32.ActiveCfg = Debug|Win32
		{10C3837A-70CD-439A-8B40-387235512661}.Debug|Win32.Build.0 = Debug|Win32
		{10C3837A-70CD-439A-8B40-387235512661}.Debug|x64.ActiveCfg = Debug|x64
		{10C3837A-70CD-439A-8B40-387235512661}.Debug|x64.Build.0 = Debug|x64
		{10C3837A-70CD-439A-8B40-387235512661}.Debug|x86.ActiveCfg = Debug|x64
		{10C3837A-70CD-439A-8B40-387235512661}.Release|Any CPU.ActiveCfg = Release|x64
		{10C3837A-70CD-439A-8B40-387235512661}.Release|Any CPU.Build.0 = Release|x64
		{10C3837A-70CD-439A-8B40-387235512661}.Release|Win32.ActiveCfg = Release|Win32
		{10C3837A-70CD-439A-8B40-387235512661}.Release|Win32.Build.0 = Release|Win32
		{10C3837A-70CD-439A-8B40-387235512661}.Release|x64.ActiveCfg = Release|x64
		{10C3837A-70CD-439A-8B40-387235512661}.Release|x64.Build.0 = Release|x64
		{10C3837A-70CD-439A-8B40-387235512661}.Release|x86.ActiveCfg = Release|x64
		{78B64E75-4C74-4E62-A235-F6FE7B110D1B}.Debug|Any CPU.ActiveCfg = Debug|x64
		{78B64E75-4C74-4E62-A235-F6FE7B110D1B}.Debug|Any CPU.Build.0 = Debug|x64
		{78B64E75-4C74-4E62-A235-F6FE7B110D1B}.Debug|Win32.ActiveCfg = Debug|Win32
		{78B64E75-4C74-4E62-A235-F6FE7B110D1B}.Debug|Win32.Build.0 = Debug|Win32
		{78B64E75-4C74-4E62-A235-F6FE7B110D1B}.Debug|x64.ActiveCfg = Debug|x64
		{78B64E75-4C74-4E62-A235-F6FE7B110D1B}.Debug|x64.Build.0 = Debug|x64
		{78B64E75-4C74-4E62-A235-F6FE7B110D1B}.Debug|x86.ActiveCfg = Debug|Win32
		{78B64E75-4C74-4E62-A235-F6FE7B110D1B}.Debug|x86.Build.0 = Debug|Win32
		{78B64E75-4C74-4E62-A235-F6FE7B110D1B}.Release|Any CPU.ActiveCfg = Release|x64
		{78B64E75-4C74-4E62-A235-F6FE7B110D1B}.Release|Any CPU.Build.0 = Release|x64
		{78B64E75-4C74-4E62-A235-F6FE7B110D1B}.Release|Win32.ActiveCfg = Release|Win32
		{78B64E75-4C74-4E62-A235-F6FE7B110D1B}.Release|Win32.Build.0 = Release|Win32
		{78B64E75-4C74-4E62-A235-F6FE7B110D1B}.Release|x64.ActiveCfg = Release|x64
		{78B64E75-4C74-4E62-A235-F6FE7B110D1B}.Release|x64.Build.0 = Release|x64
		{78B64E75-4C74-4E62-A235-F6FE7B110D1B}.Release|x86.ActiveCfg = Release|Win32
		{78B64E75-4C74-4E62-A235-F6FE7B110D1B}.Release|x86.Build.0 = Release|Win32
		{C41826A6-E399-48C8-9897-0E6583AFD67A}.Debug|Any CPU.ActiveCfg = Debug|x64
		{C41826A6-E399-48C8-9897-0E6583AFD67A}.Debug|Any CPU.Build.0 = Debug|x64
		{C41826A6-E399-48C8-9897-0E6583AFD67A}.Debug|Win32.ActiveCfg = Debug|Win32
		{C41826A6-E399-48C8-9897-0E6583AFD67A}.Debug|Win32.Build.0 = Debug|Win32
		{C41826A6-E399-48C8-9897-0E6583AFD67A}.Debug|x64.ActiveCfg = Debug|x64
		{C41826A6-E399-48C8-9897-0E6583AFD67A}.Debug|x64.Build.0 = Debug|x64
		{C41826A6-E399-48C8-9897-0E6583AFD67A}.Debug|x86.ActiveCfg = Debug|Win32
		{C41826A6-E399-48C8-9897-0E6583AFD67A}.Debug|x86.Build.0 = Debug|Win32
		{C41826A6-E399-48C8-9897-0E6583AFD67A}.Release|Any CPU.ActiveCfg = Release|x64
		{C41826A6-E399-48C8-9897-0E6583AFD67A}.Release|Any CPU.Build.0 = Release|x64
		{C41826A6-E399-48C8-9897-0E6583AFD67A}.Release|Win32.ActiveCfg = Release|Win32
		{C41826A6-E399-48C8-9897-0E6583AFD67A}.Release|Win32.Build.0 = Release|Win32
		{C41826A6-E399-48C8-9897-0E6583AFD67A}.Release|x64.ActiveCfg = Release|x64
		{C41826A6-E399-48C8-9897-0E6583AFD67A}.Release|x64.Build.0 = Release|x64
		{C41826A6-E399-48C8-9897-0E6583AFD67A}.Release|x86.ActiveCfg = Release|Win32
		{C41826A6-E399-48C8-9897-0E6583AFD67A}.Release|x86.Build.0 = Release|Win32
		{B09DDFFA-25DA-415F-AEA7-5D46A2D7191A}.Debug|Any CPU.ActiveCfg = Debug|Any CPU
		{B09DDFFA-25DA-415F-AEA7-5D46A2D7191A}.Debug|Any CPU.Build.0 = Debug|Any CPU
		{B09DDFFA-25DA-415F-AEA7-5D46A2D7191A}.Debug|Win32.ActiveCfg = Debug|Any CPU
		{B09DDFFA-25DA-415F-AEA7-5D46A2D7191A}.Debug|Win32.Build.0 = Debug|Any CPU
		{B09DDFFA-25DA-415F-AEA7-5D46A2D7191A}.Debug|x64.ActiveCfg = Debug|Any CPU
		{B09DDFFA-25DA-415F-AEA7-5D46A2D7191A}.Debug|x64.Build.0 = Debug|Any CPU
		{B09DDFFA-25DA-415F-AEA7-5D46A2D7191A}.Debug|x86.ActiveCfg = Debug|Any CPU
		{B09DDFFA-25DA-415F-AEA7-5D46A2D7191A}.Debug|x86.Build.0 = Debug|Any CPU
		{B09DDFFA-25DA-415F-AEA7-5D46A2D7191A}.Release|Any CPU.ActiveCfg = Release|Any CPU
		{B09DDFFA-25DA-415F-AEA7-5D46A2D7191A}.Release|Any CPU.Build.0 = Release|Any CPU
		{B09DDFFA-25DA-415F-AEA7-5D46A2D7191A}.Release|Win32.ActiveCfg = Release|Any CPU
		{B09DDFFA-25DA-415F-AEA7-5D46A2D7191A}.Release|Win32.Build.0 = Release|Any CPU
		{B09DDFFA-25DA-415F-AEA7-5D46A2D7191A}.Release|x64.ActiveCfg = Release|Any CPU
		{B09DDFFA-25DA-415F-AEA7-5D46A2D7191A}.Release|x64.Build.0 = Release|Any CPU
		{B09DDFFA-25DA-415F-AEA7-5D46A2D7191A}.Release|x86.ActiveCfg = Release|Any CPU
		{B09DDFFA-25DA-415F-AEA7-5D46A2D7191A}.Release|x86.Build.0 = Release|Any CPU
		{0FA5E801-17E4-4F28-B948-9A079813B129}.Debug|Any CPU.ActiveCfg = Debug|Any CPU
		{0FA5E801-17E4-4F28-B948-9A079813B129}.Debug|Any CPU.Build.0 = Debug|Any CPU
		{0FA5E801-17E4-4F28-B948-9A079813B129}.Debug|Win32.ActiveCfg = Debug|Any CPU
		{0FA5E801-17E4-4F28-B948-9A079813B129}.Debug|Win32.Build.0 = Debug|Any CPU
		{0FA5E801-17E4-4F28-B948-9A079813B129}.Debug|x64.ActiveCfg = Debug|Any CPU
		{0FA5E801-17E4-4F28-B948-9A079813B129}.Debug|x64.Build.0 = Debug|Any CPU
		{0FA5E801-17E4-4F28-B948-9A079813B129}.Debug|x86.ActiveCfg = Debug|Any CPU
		{0FA5E801-17E4-4F28-B948-9A079813B129}.Debug|x86.Build.0 = Debug|Any CPU
		{0FA5E801-17E4-4F28-B948-9A079813B129}.Release|Any CPU.ActiveCfg = Release|Any CPU
		{0FA5E801-17E4-4F28-B948-9A079813B129}.Release|Any CPU.Build.0 = Release|Any CPU
		{0FA5E801-17E4-4F28-B948-9A079813B129}.Release|Win32.ActiveCfg = Release|Any CPU
		{0FA5E801-17E4-4F28-B948-9A079813B129}.Release|Win32.Build.0 = Release|Any CPU
		{0FA5E801-17E4-4F28-B948-9A079813B129}.Release|x64.ActiveCfg = Release|Any CPU
		{0FA5E801-17E4-4F28-B948-9A079813B129}.Release|x64.Build.0 = Release|Any CPU
		{0FA5E801-17E4-4F28-B948-9A079813B129}.Release|x86.ActiveCfg = Release|Any CPU
		{0FA5E801-17E4-4F28-B948-9A079813B129}.Release|x86.Build.0 = Release|Any CPU
		{56D3F722-4978-47DD-A075-5B16903A00F3}.Debug|Any CPU.ActiveCfg = Debug|Any CPU
		{56D3F722-4978-47DD-A075-5B16903A00F3}.Debug|Any CPU.Build.0 = Debug|Any CPU
		{56D3F722-4978-47DD-A075-5B16903A00F3}.Debug|Win32.ActiveCfg = Debug|Any CPU
		{56D3F722-4978-47DD-A075-5B16903A00F3}.Debug|Win32.Build.0 = Debug|Any CPU
		{56D3F722-4978-47DD-A075-5B16903A00F3}.Debug|x64.ActiveCfg = Debug|Any CPU
		{56D3F722-4978-47DD-A075-5B16903A00F3}.Debug|x64.Build.0 = Debug|Any CPU
		{56D3F722-4978-47DD-A075-5B16903A00F3}.Debug|x86.ActiveCfg = Debug|Any CPU
		{56D3F722-4978-47DD-A075-5B16903A00F3}.Debug|x86.Build.0 = Debug|Any CPU
		{56D3F722-4978-47DD-A075-5B16903A00F3}.Release|Any CPU.ActiveCfg = Release|Any CPU
		{56D3F722-4978-47DD-A075-5B16903A00F3}.Release|Any CPU.Build.0 = Release|Any CPU
		{56D3F722-4978-47DD-A075-5B16903A00F3}.Release|Win32.ActiveCfg = Release|Any CPU
		{56D3F722-4978-47DD-A075-5B16903A00F3}.Release|Win32.Build.0 = Release|Any CPU
		{56D3F722-4978-47DD-A075-5B16903A00F3}.Release|x64.ActiveCfg = Release|Any CPU
		{56D3F722-4978-47DD-A075-5B16903A00F3}.Release|x64.Build.0 = Release|Any CPU
		{56D3F722-4978-47DD-A075-5B16903A00F3}.Release|x86.ActiveCfg = Release|Any CPU
		{56D3F722-4978-47DD-A075-5B16903A00F3}.Release|x86.Build.0 = Release|Any CPU
		{08B353F2-2796-437E-B196-CCBADE5D8EE7}.Debug|Any CPU.ActiveCfg = Debug|x64
		{08B353F2-2796-437E-B196-CCBADE5D8EE7}.Debug|Any CPU.Build.0 = Debug|x64
		{08B353F2-2796-437E-B196-CCBADE5D8EE7}.Debug|Win32.ActiveCfg = Debug|Win32
		{08B353F2-2796-437E-B196-CCBADE5D8EE7}.Debug|Win32.Build.0 = Debug|Win32
		{08B353F2-2796-437E-B196-CCBADE5D8EE7}.Debug|x64.ActiveCfg = Debug|x64
		{08B353F2-2796-437E-B196-CCBADE5D8EE7}.Debug|x64.Build.0 = Debug|x64
		{08B353F2-2796-437E-B196-CCBADE5D8EE7}.Debug|x86.ActiveCfg = Debug|Win32
		{08B353F2-2796-437E-B196-CCBADE5D8EE7}.Debug|x86.Build.0 = Debug|Win32
		{08B353F2-2796-437E-B196-CCBADE5D8EE7}.Release|Any CPU.ActiveCfg = Release|x64
		{08B353F2-2796-437E-B196-CCBADE5D8EE7}.Release|Any CPU.Build.0 = Release|x64
		{08B353F2-2796-437E-B196-CCBADE5D8EE7}.Release|Win32.ActiveCfg = Release|Win32
		{08B353F2-2796-437E-B196-CCBADE5D8EE7}.Release|Win32.Build.0 = Release|Win32
		{08B353F2-2796-437E-B196-CCBADE5D8EE7}.Release|x64.ActiveCfg = Release|x64
		{08B353F2-2796-437E-B196-CCBADE5D8EE7}.Release|x64.Build.0 = Release|x64
		{08B353F2-2796-437E-B196-CCBADE5D8EE7}.Release|x86.ActiveCfg = Release|Win32
		{08B353F2-2796-437E-B196-CCBADE5D8EE7}.Release|x86.Build.0 = Release|Win32
		{77EC4B32-74E6-44F4-8323-060DA7A506F1}.Debug|Any CPU.ActiveCfg = Debug|Any CPU
		{77EC4B32-74E6-44F4-8323-060DA7A506F1}.Debug|Any CPU.Build.0 = Debug|Any CPU
		{77EC4B32-74E6-44F4-8323-060DA7A506F1}.Debug|Win32.ActiveCfg = Debug|Any CPU
		{77EC4B32-74E6-44F4-8323-060DA7A506F1}.Debug|Win32.Build.0 = Debug|Any CPU
		{77EC4B32-74E6-44F4-8323-060DA7A506F1}.Debug|x64.ActiveCfg = Debug|Any CPU
		{77EC4B32-74E6-44F4-8323-060DA7A506F1}.Debug|x64.Build.0 = Debug|Any CPU
		{77EC4B32-74E6-44F4-8323-060DA7A506F1}.Debug|x86.ActiveCfg = Debug|Any CPU
		{77EC4B32-74E6-44F4-8323-060DA7A506F1}.Debug|x86.Build.0 = Debug|Any CPU
		{77EC4B32-74E6-44F4-8323-060DA7A506F1}.Release|Any CPU.ActiveCfg = Release|Any CPU
		{77EC4B32-74E6-44F4-8323-060DA7A506F1}.Release|Any CPU.Build.0 = Release|Any CPU
		{77EC4B32-74E6-44F4-8323-060DA7A506F1}.Release|Win32.ActiveCfg = Release|Any CPU
		{77EC4B32-74E6-44F4-8323-060DA7A506F1}.Release|Win32.Build.0 = Release|Any CPU
		{77EC4B32-74E6-44F4-8323-060DA7A506F1}.Release|x64.ActiveCfg = Release|Any CPU
		{77EC4B32-74E6-44F4-8323-060DA7A506F1}.Release|x64.Build.0 = Release|Any CPU
		{77EC4B32-74E6-44F4-8323-060DA7A506F1}.Release|x86.ActiveCfg = Release|Any CPU
		{77EC4B32-74E6-44F4-8323-060DA7A506F1}.Release|x86.Build.0 = Release|Any CPU
	EndGlobalSection
	GlobalSection(SolutionProperties) = preSolution
		HideSolutionNode = FALSE
	EndGlobalSection
	GlobalSection(NestedProjects) = preSolution
		{4CF5E3CD-DF43-4ACF-AEF2-A9EA2A1036D6} = {660020EC-3D44-4CB2-B053-4F4E51467064}
		{DAA765D8-5272-4AE2-B001-4D66CB0E1549} = {660020EC-3D44-4CB2-B053-4F4E51467064}
		{10C3837A-70CD-439A-8B40-387235512661} = {4CF5E3CD-DF43-4ACF-AEF2-A9EA2A1036D6}
		{78B64E75-4C74-4E62-A235-F6FE7B110D1B} = {4CF5E3CD-DF43-4ACF-AEF2-A9EA2A1036D6}
		{C41826A6-E399-48C8-9897-0E6583AFD67A} = {4CF5E3CD-DF43-4ACF-AEF2-A9EA2A1036D6}
		{B09DDFFA-25DA-415F-AEA7-5D46A2D7191A} = {DAA765D8-5272-4AE2-B001-4D66CB0E1549}
		{0FA5E801-17E4-4F28-B948-9A079813B129} = {DAA765D8-5272-4AE2-B001-4D66CB0E1549}
		{56D3F722-4978-47DD-A075-5B16903A00F3} = {DAA765D8-5272-4AE2-B001-4D66CB0E1549}
	EndGlobalSection
	GlobalSection(ExtensibilityGlobals) = postSolution
		SolutionGuid = {CD967216-81C5-4152-8A3E-2A3DE33D753D}
	EndGlobalSection
EndGlobal
