
Microsoft Visual Studio Solution File, Format Version 12.00
# Visual Studio Version 17
VisualStudioVersion = 17.10.35013.160
MinimumVisualStudioVersion = 10.0.40219.1
Project("{8BC9CEB8-8B4A-11D0-8D11-00A0C91BC942}") = "NomadInteropCPP", "NomadInteropCpp\NomadInteropCpp.vcxproj", "{08B353F2-2796-437E-B196-CCBADE5D8EE7}"
EndProject
Project("{9A19103F-16F7-4668-BE54-9A1E7A4F7556}") = "NomadInteropCS", "NomadInteropCs\NomadInteropCS.csproj", "{74314792-45E9-4B4F-B102-1466112837EB}"
	ProjectSection(ProjectDependencies) = postProject
		{08B353F2-2796-437E-B196-CCBADE5D8EE7} = {08B353F2-2796-437E-B196-CCBADE5D8EE7}
	EndProjectSection
EndProject
Project("{2150E333-8FDC-42A3-9474-1A3956D46DE8}") = "Solution Items", "Solution Items", "{E5EFBF6E-2D25-464B-8AFE-A935796518FD}"
	ProjectSection(SolutionItems) = preProject
		clean.ps1 = clean.ps1
		untab .ps1 = untab .ps1
	EndProjectSection
EndProject
Project("{9A19103F-16F7-4668-BE54-9A1E7A4F7556}") = "cs_multi_obj", "Examples\CSharp\cs_multi_obj\cs_multi_obj.csproj", "{3B9C7310-2EA2-4CD7-94CD-B59817752943}"
EndProject
Project("{9A19103F-16F7-4668-BE54-9A1E7A4F7556}") = "cs_single_obj", "Examples\CSharp\cs_single_obj\cs_single_obj.csproj", "{66A05E85-E2C1-4C92-AF9B-6200DF29792D}"
EndProject
Project("{8BC9CEB8-8B4A-11D0-8D11-00A0C91BC942}") = "cpp_single_obj", "Examples\Cpp\cpp_single_obj\cpp_single_obj.vcxproj", "{C41826A6-E399-48C8-9897-0E6583AFD67A}"
EndProject
Project("{8BC9CEB8-8B4A-11D0-8D11-00A0C91BC942}") = "cpp_multi_obj", "Examples\Cpp\cpp_multi_obj\cpp_multi_obj.vcxproj", "{78B64E75-4C74-4E62-A235-F6FE7B110D1B}"
EndProject
Project("{8BC9CEB8-8B4A-11D0-8D11-00A0C91BC942}") = "cpp_failure_obj", "Examples\Cpp\cpp_failure_obj\cpp_failure_obj.vcxproj", "{10C3837A-70CD-439A-8B40-387235512661}"
EndProject
Project("{9A19103F-16F7-4668-BE54-9A1E7A4F7556}") = "cs_failure_obj", "Examples\CSharp\cs_failure_obj\cs_failure_obj.csproj", "{49006313-5462-42AA-B4B0-31A55C54A639}"
EndProject
Global
	GlobalSection(SolutionConfigurationPlatforms) = preSolution
		Debug|Any CPU = Debug|Any CPU
		Debug|x64 = Debug|x64
		Debug|x86 = Debug|x86
		Release|Any CPU = Release|Any CPU
		Release|x64 = Release|x64
		Release|x86 = Release|x86
	EndGlobalSection
	GlobalSection(ProjectConfigurationPlatforms) = postSolution
		{08B353F2-2796-437E-B196-CCBADE5D8EE7}.Debug|Any CPU.ActiveCfg = Debug|x64
		{08B353F2-2796-437E-B196-CCBADE5D8EE7}.Debug|Any CPU.Build.0 = Debug|x64
		{08B353F2-2796-437E-B196-CCBADE5D8EE7}.Debug|x64.ActiveCfg = Debug|x64
		{08B353F2-2796-437E-B196-CCBADE5D8EE7}.Debug|x64.Build.0 = Debug|x64
		{08B353F2-2796-437E-B196-CCBADE5D8EE7}.Debug|x86.ActiveCfg = Debug|Win32
		{08B353F2-2796-437E-B196-CCBADE5D8EE7}.Debug|x86.Build.0 = Debug|Win32
		{08B353F2-2796-437E-B196-CCBADE5D8EE7}.Release|Any CPU.ActiveCfg = Release|x64
		{08B353F2-2796-437E-B196-CCBADE5D8EE7}.Release|Any CPU.Build.0 = Release|x64
		{08B353F2-2796-437E-B196-CCBADE5D8EE7}.Release|x64.ActiveCfg = Release|x64
		{08B353F2-2796-437E-B196-CCBADE5D8EE7}.Release|x64.Build.0 = Release|x64
		{08B353F2-2796-437E-B196-CCBADE5D8EE7}.Release|x86.ActiveCfg = Release|Win32
		{08B353F2-2796-437E-B196-CCBADE5D8EE7}.Release|x86.Build.0 = Release|Win32
		{74314792-45E9-4B4F-B102-1466112837EB}.Debug|Any CPU.ActiveCfg = Debug|Any CPU
		{74314792-45E9-4B4F-B102-1466112837EB}.Debug|Any CPU.Build.0 = Debug|Any CPU
		{74314792-45E9-4B4F-B102-1466112837EB}.Debug|x64.ActiveCfg = Debug|Any CPU
		{74314792-45E9-4B4F-B102-1466112837EB}.Debug|x64.Build.0 = Debug|Any CPU
		{74314792-45E9-4B4F-B102-1466112837EB}.Debug|x86.ActiveCfg = Debug|Any CPU
		{74314792-45E9-4B4F-B102-1466112837EB}.Debug|x86.Build.0 = Debug|Any CPU
		{74314792-45E9-4B4F-B102-1466112837EB}.Release|Any CPU.ActiveCfg = Release|Any CPU
		{74314792-45E9-4B4F-B102-1466112837EB}.Release|Any CPU.Build.0 = Release|Any CPU
		{74314792-45E9-4B4F-B102-1466112837EB}.Release|x64.ActiveCfg = Release|Any CPU
		{74314792-45E9-4B4F-B102-1466112837EB}.Release|x64.Build.0 = Release|Any CPU
		{74314792-45E9-4B4F-B102-1466112837EB}.Release|x86.ActiveCfg = Release|Any CPU
		{74314792-45E9-4B4F-B102-1466112837EB}.Release|x86.Build.0 = Release|Any CPU
		{3B9C7310-2EA2-4CD7-94CD-B59817752943}.Debug|Any CPU.ActiveCfg = Debug|Any CPU
		{3B9C7310-2EA2-4CD7-94CD-B59817752943}.Debug|Any CPU.Build.0 = Debug|Any CPU
		{3B9C7310-2EA2-4CD7-94CD-B59817752943}.Debug|x64.ActiveCfg = Debug|Any CPU
		{3B9C7310-2EA2-4CD7-94CD-B59817752943}.Debug|x64.Build.0 = Debug|Any CPU
		{3B9C7310-2EA2-4CD7-94CD-B59817752943}.Debug|x86.ActiveCfg = Debug|Any CPU
		{3B9C7310-2EA2-4CD7-94CD-B59817752943}.Debug|x86.Build.0 = Debug|Any CPU
		{3B9C7310-2EA2-4CD7-94CD-B59817752943}.Release|Any CPU.ActiveCfg = Release|Any CPU
		{3B9C7310-2EA2-4CD7-94CD-B59817752943}.Release|Any CPU.Build.0 = Release|Any CPU
		{3B9C7310-2EA2-4CD7-94CD-B59817752943}.Release|x64.ActiveCfg = Release|Any CPU
		{3B9C7310-2EA2-4CD7-94CD-B59817752943}.Release|x64.Build.0 = Release|Any CPU
		{3B9C7310-2EA2-4CD7-94CD-B59817752943}.Release|x86.ActiveCfg = Release|Any CPU
		{3B9C7310-2EA2-4CD7-94CD-B59817752943}.Release|x86.Build.0 = Release|Any CPU
		{66A05E85-E2C1-4C92-AF9B-6200DF29792D}.Debug|Any CPU.ActiveCfg = Debug|Any CPU
		{66A05E85-E2C1-4C92-AF9B-6200DF29792D}.Debug|Any CPU.Build.0 = Debug|Any CPU
		{66A05E85-E2C1-4C92-AF9B-6200DF29792D}.Debug|x64.ActiveCfg = Debug|Any CPU
		{66A05E85-E2C1-4C92-AF9B-6200DF29792D}.Debug|x64.Build.0 = Debug|Any CPU
		{66A05E85-E2C1-4C92-AF9B-6200DF29792D}.Debug|x86.ActiveCfg = Debug|Any CPU
		{66A05E85-E2C1-4C92-AF9B-6200DF29792D}.Debug|x86.Build.0 = Debug|Any CPU
		{66A05E85-E2C1-4C92-AF9B-6200DF29792D}.Release|Any CPU.ActiveCfg = Release|Any CPU
		{66A05E85-E2C1-4C92-AF9B-6200DF29792D}.Release|Any CPU.Build.0 = Release|Any CPU
		{66A05E85-E2C1-4C92-AF9B-6200DF29792D}.Release|x64.ActiveCfg = Release|Any CPU
		{66A05E85-E2C1-4C92-AF9B-6200DF29792D}.Release|x64.Build.0 = Release|Any CPU
		{66A05E85-E2C1-4C92-AF9B-6200DF29792D}.Release|x86.ActiveCfg = Release|Any CPU
		{66A05E85-E2C1-4C92-AF9B-6200DF29792D}.Release|x86.Build.0 = Release|Any CPU
		{C41826A6-E399-48C8-9897-0E6583AFD67A}.Debug|Any CPU.ActiveCfg = Debug|x64
		{C41826A6-E399-48C8-9897-0E6583AFD67A}.Debug|Any CPU.Build.0 = Debug|x64
		{C41826A6-E399-48C8-9897-0E6583AFD67A}.Debug|x64.ActiveCfg = Debug|x64
		{C41826A6-E399-48C8-9897-0E6583AFD67A}.Debug|x64.Build.0 = Debug|x64
		{C41826A6-E399-48C8-9897-0E6583AFD67A}.Debug|x86.ActiveCfg = Debug|Win32
		{C41826A6-E399-48C8-9897-0E6583AFD67A}.Debug|x86.Build.0 = Debug|Win32
		{C41826A6-E399-48C8-9897-0E6583AFD67A}.Release|Any CPU.ActiveCfg = Release|x64
		{C41826A6-E399-48C8-9897-0E6583AFD67A}.Release|Any CPU.Build.0 = Release|x64
		{C41826A6-E399-48C8-9897-0E6583AFD67A}.Release|x64.ActiveCfg = Release|x64
		{C41826A6-E399-48C8-9897-0E6583AFD67A}.Release|x64.Build.0 = Release|x64
		{C41826A6-E399-48C8-9897-0E6583AFD67A}.Release|x86.ActiveCfg = Release|Win32
		{C41826A6-E399-48C8-9897-0E6583AFD67A}.Release|x86.Build.0 = Release|Win32
		{78B64E75-4C74-4E62-A235-F6FE7B110D1B}.Debug|Any CPU.ActiveCfg = Debug|x64
		{78B64E75-4C74-4E62-A235-F6FE7B110D1B}.Debug|Any CPU.Build.0 = Debug|x64
		{78B64E75-4C74-4E62-A235-F6FE7B110D1B}.Debug|x64.ActiveCfg = Debug|x64
		{78B64E75-4C74-4E62-A235-F6FE7B110D1B}.Debug|x64.Build.0 = Debug|x64
		{78B64E75-4C74-4E62-A235-F6FE7B110D1B}.Debug|x86.ActiveCfg = Debug|Win32
		{78B64E75-4C74-4E62-A235-F6FE7B110D1B}.Debug|x86.Build.0 = Debug|Win32
		{78B64E75-4C74-4E62-A235-F6FE7B110D1B}.Release|Any CPU.ActiveCfg = Release|x64
		{78B64E75-4C74-4E62-A235-F6FE7B110D1B}.Release|Any CPU.Build.0 = Release|x64
		{78B64E75-4C74-4E62-A235-F6FE7B110D1B}.Release|x64.ActiveCfg = Release|x64
		{78B64E75-4C74-4E62-A235-F6FE7B110D1B}.Release|x64.Build.0 = Release|x64
		{78B64E75-4C74-4E62-A235-F6FE7B110D1B}.Release|x86.ActiveCfg = Release|Win32
		{78B64E75-4C74-4E62-A235-F6FE7B110D1B}.Release|x86.Build.0 = Release|Win32
		{10C3837A-70CD-439A-8B40-387235512661}.Debug|Any CPU.ActiveCfg = Debug|x64
		{10C3837A-70CD-439A-8B40-387235512661}.Debug|Any CPU.Build.0 = Debug|x64
		{10C3837A-70CD-439A-8B40-387235512661}.Debug|x64.ActiveCfg = Debug|x64
		{10C3837A-70CD-439A-8B40-387235512661}.Debug|x64.Build.0 = Debug|x64
		{10C3837A-70CD-439A-8B40-387235512661}.Debug|x86.ActiveCfg = Debug|Win32
		{10C3837A-70CD-439A-8B40-387235512661}.Debug|x86.Build.0 = Debug|Win32
		{10C3837A-70CD-439A-8B40-387235512661}.Release|Any CPU.ActiveCfg = Release|x64
		{10C3837A-70CD-439A-8B40-387235512661}.Release|Any CPU.Build.0 = Release|x64
		{10C3837A-70CD-439A-8B40-387235512661}.Release|x64.ActiveCfg = Release|x64
		{10C3837A-70CD-439A-8B40-387235512661}.Release|x64.Build.0 = Release|x64
		{10C3837A-70CD-439A-8B40-387235512661}.Release|x86.ActiveCfg = Release|Win32
		{10C3837A-70CD-439A-8B40-387235512661}.Release|x86.Build.0 = Release|Win32
		{49006313-5462-42AA-B4B0-31A55C54A639}.Debug|Any CPU.ActiveCfg = Debug|Any CPU
		{49006313-5462-42AA-B4B0-31A55C54A639}.Debug|Any CPU.Build.0 = Debug|Any CPU
		{49006313-5462-42AA-B4B0-31A55C54A639}.Debug|x64.ActiveCfg = Debug|Any CPU
		{49006313-5462-42AA-B4B0-31A55C54A639}.Debug|x64.Build.0 = Debug|Any CPU
		{49006313-5462-42AA-B4B0-31A55C54A639}.Debug|x86.ActiveCfg = Debug|Any CPU
		{49006313-5462-42AA-B4B0-31A55C54A639}.Debug|x86.Build.0 = Debug|Any CPU
		{49006313-5462-42AA-B4B0-31A55C54A639}.Release|Any CPU.ActiveCfg = Release|Any CPU
		{49006313-5462-42AA-B4B0-31A55C54A639}.Release|Any CPU.Build.0 = Release|Any CPU
		{49006313-5462-42AA-B4B0-31A55C54A639}.Release|x64.ActiveCfg = Release|Any CPU
		{49006313-5462-42AA-B4B0-31A55C54A639}.Release|x64.Build.0 = Release|Any CPU
		{49006313-5462-42AA-B4B0-31A55C54A639}.Release|x86.ActiveCfg = Release|Any CPU
		{49006313-5462-42AA-B4B0-31A55C54A639}.Release|x86.Build.0 = Release|Any CPU
	EndGlobalSection
	GlobalSection(SolutionProperties) = preSolution
		HideSolutionNode = FALSE
	EndGlobalSection
	GlobalSection(ExtensibilityGlobals) = postSolution
		SolutionGuid = {CD967216-81C5-4152-8A3E-2A3DE33D753D}
	EndGlobalSection
EndGlobal
