<?xml version="1.0" encoding="utf-8"?>
<Project ToolsVersion="4.0" xmlns="http://schemas.microsoft.com/developer/msbuild/2003">
  <ItemGroup>
    <Filter Include="Source Files">
      <UniqueIdentifier>{4FC737F1-C7A5-4376-A066-2A32D752A2FF}</UniqueIdentifier>
      <Extensions>cpp;c;cc;cxx;c++;cppm;ixx;def;odl;idl;hpj;bat;asm;asmx</Extensions>
    </Filter>
    <Filter Include="Header Files">
      <UniqueIdentifier>{93995380-89BD-4b04-88EB-625FBE52EBFB}</UniqueIdentifier>
      <Extensions>h;hh;hpp;hxx;h++;hm;inl;inc;ipp;xsd</Extensions>
    </Filter>
    <Filter Include="Resource Files">
      <UniqueIdentifier>{67DA6AB6-F800-4c08-8B7A-83BB121AAD01}</UniqueIdentifier>
      <Extensions>rc;ico;cur;bmp;dlg;rc2;rct;bin;rgs;gif;jpg;jpeg;jpe;resx;tiff;tif;png;wav;mfcribbon-ms</Extensions>
    </Filter>
  </ItemGroup>
  <ItemGroup>
    <ClCompile Include="main.cpp">
      <Filter>Source Files</Filter>
    </ClCompile>
    <ClCompile Include="include\Algo_Parameters.cpp">
      <Filter>Source Files</Filter>
    </ClCompile>
    <ClCompile Include="include\Barrier.cpp">
      <Filter>Source Files</Filter>
    </ClCompile>
    <ClCompile Include="include\Cache.cpp">
      <Filter>Source Files</Filter>
    </ClCompile>
    <ClCompile Include="include\Cache_File_Point.cpp">
      <Filter>Source Files</Filter>
    </ClCompile>
    <ClCompile Include="include\Cache_Point.cpp">
      <Filter>Source Files</Filter>
    </ClCompile>
    <ClCompile Include="include\Cache_Search.cpp">
      <Filter>Source Files</Filter>
    </ClCompile>
    <ClCompile Include="include\Clock.cpp">
      <Filter>Source Files</Filter>
    </ClCompile>
    <ClCompile Include="include\Direction.cpp">
      <Filter>Source Files</Filter>
    </ClCompile>
    <ClCompile Include="include\Directions.cpp">
      <Filter>Source Files</Filter>
    </ClCompile>
    <ClCompile Include="include\Display.cpp">
      <Filter>Source Files</Filter>
    </ClCompile>
    <ClCompile Include="include\Double.cpp">
      <Filter>Source Files</Filter>
    </ClCompile>
    <ClCompile Include="include\Eval_Point.cpp">
      <Filter>Source Files</Filter>
    </ClCompile>
    <ClCompile Include="include\Evaluator.cpp">
      <Filter>Source Files</Filter>
    </ClCompile>
    <ClCompile Include="include\Evaluator_Control.cpp">
      <Filter>Source Files</Filter>
    </ClCompile>
    <ClCompile Include="include\Extended_Poll.cpp">
      <Filter>Source Files</Filter>
    </ClCompile>
    <ClCompile Include="include\GMesh.cpp">
      <Filter>Source Files</Filter>
    </ClCompile>
    <ClCompile Include="include\L_Curve.cpp">
      <Filter>Source Files</Filter>
    </ClCompile>
    <ClCompile Include="include\LH_Search.cpp">
      <Filter>Source Files</Filter>
    </ClCompile>
    <ClCompile Include="include\Mads.cpp">
      <Filter>Source Files</Filter>
    </ClCompile>
    <ClCompile Include="include\Model_Sorted_Point.cpp">
      <Filter>Source Files</Filter>
    </ClCompile>
    <ClCompile Include="include\Model_Stats.cpp">
      <Filter>Source Files</Filter>
    </ClCompile>
    <ClCompile Include="include\Multi_Obj_Evaluator.cpp">
      <Filter>Source Files</Filter>
    </ClCompile>
    <ClCompile Include="include\NelderMead_Search.cpp">
      <Filter>Source Files</Filter>
    </ClCompile>
    <ClCompile Include="include\NelderMead_Simplex_Eval_Point.cpp">
      <Filter>Source Files</Filter>
    </ClCompile>
    <ClCompile Include="include\nomad.cpp">
      <Filter>Source Files</Filter>
    </ClCompile>
    <ClCompile Include="include\OrthogonalMesh.cpp">
      <Filter>Source Files</Filter>
    </ClCompile>
    <ClCompile Include="include\Parameter_Entries.cpp">
      <Filter>Source Files</Filter>
    </ClCompile>
    <ClCompile Include="include\Parameter_Entry.cpp">
      <Filter>Source Files</Filter>
    </ClCompile>
    <ClCompile Include="include\Parameters.cpp">
      <Filter>Source Files</Filter>
    </ClCompile>
    <ClCompile Include="include\Pareto_Front.cpp">
      <Filter>Source Files</Filter>
    </ClCompile>
    <ClCompile Include="include\Pareto_Point.cpp">
      <Filter>Source Files</Filter>
    </ClCompile>
    <ClCompile Include="include\Phase_One_Evaluator.cpp">
      <Filter>Source Files</Filter>
    </ClCompile>
    <ClCompile Include="include\Phase_One_Search.cpp">
      <Filter>Source Files</Filter>
    </ClCompile>
    <ClCompile Include="include\Point.cpp">
      <Filter>Source Files</Filter>
    </ClCompile>
    <ClCompile Include="include\Priority_Eval_Point.cpp">
      <Filter>Source Files</Filter>
    </ClCompile>
    <ClCompile Include="include\Quad_Model.cpp">
      <Filter>Source Files</Filter>
    </ClCompile>
    <ClCompile Include="include\Quad_Model_Evaluator.cpp">
      <Filter>Source Files</Filter>
    </ClCompile>
    <ClCompile Include="include\Quad_Model_Search.cpp">
      <Filter>Source Files</Filter>
    </ClCompile>
    <ClCompile Include="include\Random_Pickup.cpp">
      <Filter>Source Files</Filter>
    </ClCompile>
    <ClCompile Include="include\RNG.cpp">
      <Filter>Source Files</Filter>
    </ClCompile>
    <ClCompile Include="include\Sgtelib_Model_Evaluator.cpp">
      <Filter>Source Files</Filter>
    </ClCompile>
    <ClCompile Include="include\Sgtelib_Model_Manager.cpp">
      <Filter>Source Files</Filter>
    </ClCompile>
    <ClCompile Include="include\Sgtelib_Model_Search.cpp">
      <Filter>Source Files</Filter>
    </ClCompile>
    <ClCompile Include="include\Signature.cpp">
      <Filter>Source Files</Filter>
    </ClCompile>
    <ClCompile Include="include\Slave.cpp">
      <Filter>Source Files</Filter>
    </ClCompile>
    <ClCompile Include="include\SMesh.cpp">
      <Filter>Source Files</Filter>
    </ClCompile>
    <ClCompile Include="include\Speculative_Search.cpp">
      <Filter>Source Files</Filter>
    </ClCompile>
    <ClCompile Include="include\Stats.cpp">
      <Filter>Source Files</Filter>
    </ClCompile>
    <ClCompile Include="include\TrendMatrix_Line_Search.cpp">
      <Filter>Source Files</Filter>
    </ClCompile>
    <ClCompile Include="include\utils.cpp">
      <Filter>Source Files</Filter>
    </ClCompile>
    <ClCompile Include="include\Variable_Group.cpp">
      <Filter>Source Files</Filter>
    </ClCompile>
    <ClCompile Include="include\VNS_Search.cpp">
      <Filter>Source Files</Filter>
    </ClCompile>
    <ClCompile Include="include\XMesh.cpp">
      <Filter>Source Files</Filter>
    </ClCompile>
  </ItemGroup>
  <ItemGroup>
    <ClInclude Include="include\BaseEvaluator.hpp">
      <Filter>Header Files</Filter>
    </ClInclude>
    <ClInclude Include="include\NomadCore.hpp">
      <Filter>Header Files</Filter>
    </ClInclude>
    <ClInclude Include="include\nomad.hpp">
      <Filter>Header Files</Filter>
    </ClInclude>
    <ClInclude Include="include\Algo_Parameters.hpp">
      <Filter>Header Files</Filter>
    </ClInclude>
    <ClInclude Include="include\Barrier.hpp">
      <Filter>Header Files</Filter>
    </ClInclude>
    <ClInclude Include="include\Cache.hpp">
      <Filter>Header Files</Filter>
    </ClInclude>
    <ClInclude Include="include\Cache_File_Point.hpp">
      <Filter>Header Files</Filter>
    </ClInclude>
    <ClInclude Include="include\Cache_Point.hpp">
      <Filter>Header Files</Filter>
    </ClInclude>
    <ClInclude Include="include\Cache_Search.hpp">
      <Filter>Header Files</Filter>
    </ClInclude>
    <ClInclude Include="include\Clock.hpp">
      <Filter>Header Files</Filter>
    </ClInclude>
    <ClInclude Include="include\defines.hpp">
      <Filter>Header Files</Filter>
    </ClInclude>
    <ClInclude Include="include\Direction.hpp">
      <Filter>Header Files</Filter>
    </ClInclude>
    <ClInclude Include="include\Directions.hpp">
      <Filter>Header Files</Filter>
    </ClInclude>
    <ClInclude Include="include\Display.hpp">
      <Filter>Header Files</Filter>
    </ClInclude>
    <ClInclude Include="include\Double.hpp">
      <Filter>Header Files</Filter>
    </ClInclude>
    <ClInclude Include="include\Eval_Point.hpp">
      <Filter>Header Files</Filter>
    </ClInclude>
    <ClInclude Include="include\Evaluator.hpp">
      <Filter>Header Files</Filter>
    </ClInclude>
    <ClInclude Include="include\Evaluator_Control.hpp">
      <Filter>Header Files</Filter>
    </ClInclude>
    <ClInclude Include="include\Exception.hpp">
      <Filter>Header Files</Filter>
    </ClInclude>
    <ClInclude Include="include\Extended_Poll.hpp">
      <Filter>Header Files</Filter>
    </ClInclude>
    <ClInclude Include="include\Filter_Point.hpp">
      <Filter>Header Files</Filter>
    </ClInclude>
    <ClInclude Include="include\GMesh.hpp">
      <Filter>Header Files</Filter>
    </ClInclude>
    <ClInclude Include="include\L_Curve.hpp">
      <Filter>Header Files</Filter>
    </ClInclude>
    <ClInclude Include="include\LH_Search.hpp">
      <Filter>Header Files</Filter>
    </ClInclude>
    <ClInclude Include="include\Mads.hpp">
      <Filter>Header Files</Filter>
    </ClInclude>
    <ClInclude Include="include\Model_Sorted_Point.hpp">
      <Filter>Header Files</Filter>
    </ClInclude>
    <ClInclude Include="include\Model_Stats.hpp">
      <Filter>Header Files</Filter>
    </ClInclude>
    <ClInclude Include="include\Multi_Obj_Evaluator.hpp">
      <Filter>Header Files</Filter>
    </ClInclude>
    <ClInclude Include="include\Multi_Obj_Quad_Model_Evaluator.hpp">
      <Filter>Header Files</Filter>
    </ClInclude>
    <ClInclude Include="include\NelderMead_Search.hpp">
      <Filter>Header Files</Filter>
    </ClInclude>
    <ClInclude Include="include\NelderMead_Simplex_Eval_Point.hpp">
      <Filter>Header Files</Filter>
    </ClInclude>
    <ClInclude Include="include\nomad_version.hpp">
      <Filter>Header Files</Filter>
    </ClInclude>
    <ClInclude Include="include\OrthogonalMesh.hpp">
      <Filter>Header Files</Filter>
    </ClInclude>
    <ClInclude Include="include\Parameter_Entries.hpp">
      <Filter>Header Files</Filter>
    </ClInclude>
    <ClInclude Include="include\Parameter_Entry.hpp">
      <Filter>Header Files</Filter>
    </ClInclude>
    <ClInclude Include="include\Parameters.hpp">
      <Filter>Header Files</Filter>
    </ClInclude>
    <ClInclude Include="include\Pareto_Front.hpp">
      <Filter>Header Files</Filter>
    </ClInclude>
    <ClInclude Include="include\Pareto_Point.hpp">
      <Filter>Header Files</Filter>
    </ClInclude>
    <ClInclude Include="include\Phase_One_Evaluator.hpp">
      <Filter>Header Files</Filter>
    </ClInclude>
    <ClInclude Include="include\Phase_One_Search.hpp">
      <Filter>Header Files</Filter>
    </ClInclude>
    <ClInclude Include="include\Point.hpp">
      <Filter>Header Files</Filter>
    </ClInclude>
    <ClInclude Include="include\Priority_Eval_Point.hpp">
      <Filter>Header Files</Filter>
    </ClInclude>
    <ClInclude Include="include\Quad_Model.hpp">
      <Filter>Header Files</Filter>
    </ClInclude>
    <ClInclude Include="include\Quad_Model_Evaluator.hpp">
      <Filter>Header Files</Filter>
    </ClInclude>
    <ClInclude Include="include\Quad_Model_Search.hpp">
      <Filter>Header Files</Filter>
    </ClInclude>
    <ClInclude Include="include\Random_Pickup.hpp">
      <Filter>Header Files</Filter>
    </ClInclude>
    <ClInclude Include="include\RNG.hpp">
      <Filter>Header Files</Filter>
    </ClInclude>
    <ClInclude Include="include\Search.hpp">
      <Filter>Header Files</Filter>
    </ClInclude>
    <ClInclude Include="include\Set_Element.hpp">
      <Filter>Header Files</Filter>
    </ClInclude>
    <ClInclude Include="include\Sgtelib_Model_Evaluator.hpp">
      <Filter>Header Files</Filter>
    </ClInclude>
    <ClInclude Include="include\Sgtelib_Model_Manager.hpp">
      <Filter>Header Files</Filter>
    </ClInclude>
    <ClInclude Include="include\Sgtelib_Model_Search.hpp">
      <Filter>Header Files</Filter>
    </ClInclude>
    <ClInclude Include="include\Signature.hpp">
      <Filter>Header Files</Filter>
    </ClInclude>
    <ClInclude Include="include\Signature_Element.hpp">
      <Filter>Header Files</Filter>
    </ClInclude>
    <ClInclude Include="include\Single_Obj_Quad_Model_Evaluator.hpp">
      <Filter>Header Files</Filter>
    </ClInclude>
    <ClInclude Include="include\Slave.hpp">
      <Filter>Header Files</Filter>
    </ClInclude>
    <ClInclude Include="include\SMesh.hpp">
      <Filter>Header Files</Filter>
    </ClInclude>
    <ClInclude Include="include\Speculative_Search.hpp">
      <Filter>Header Files</Filter>
    </ClInclude>
    <ClInclude Include="include\Stats.hpp">
      <Filter>Header Files</Filter>
    </ClInclude>
    <ClInclude Include="include\TrendMatrix_Line_Search.hpp">
      <Filter>Header Files</Filter>
    </ClInclude>
    <ClInclude Include="include\Uncopyable.hpp">
      <Filter>Header Files</Filter>
    </ClInclude>
    <ClInclude Include="include\utils.hpp">
      <Filter>Header Files</Filter>
    </ClInclude>
    <ClInclude Include="include\Variable_Group.hpp">
      <Filter>Header Files</Filter>
    </ClInclude>
    <ClInclude Include="include\VNS_Search.hpp">
      <Filter>Header Files</Filter>
    </ClInclude>
    <ClInclude Include="include\XMesh.hpp">
      <Filter>Header Files</Filter>
    </ClInclude>
  </ItemGroup>
</Project>